
Microsoft Visual Studio Solution File, Format Version 12.00
# Visual Studio Version 16
VisualStudioVersion = 16.0.28803.352
MinimumVisualStudioVersion = 10.0.40219.1
Project("{FAE04EC0-301F-11D3-BF4B-00C04F79EFBC}") = "StabilePiloting", "StabilePiloting\StabilePiloting.csproj", "{D502D59E-4AFB-493F-856D-A8E67007A883}"
EndProject
Global
	GlobalSection(SolutionConfigurationPlatforms) = preSolution
		Debug|Any CPU = Debug|Any CPU
		Release|Any CPU = Release|Any CPU
	EndGlobalSection
	GlobalSection(ProjectConfigurationPlatforms) = postSolution
		{D502D59E-4AFB-493F-856D-A8E67007A883}.Debug|Any CPU.ActiveCfg = Debug|Any CPU
		{D502D59E-4AFB-493F-856D-A8E67007A883}.Debug|Any CPU.Build.0 = Debug|Any CPU
		{D502D59E-4AFB-493F-856D-A8E67007A883}.Release|Any CPU.ActiveCfg = Release|Any CPU
		{D502D59E-4AFB-493F-856D-A8E67007A883}.Release|Any CPU.Build.0 = Release|Any CPU
	EndGlobalSection
	GlobalSection(SolutionProperties) = preSolution
		HideSolutionNode = FALSE
	EndGlobalSection
	GlobalSection(ExtensibilityGlobals) = postSolution
		SolutionGuid = {FAB3ECCC-719B-4E66-9909-7F260C1C495F}
	EndGlobalSection
EndGlobal
